
Microsoft Visual Studio Solution File, Format Version 12.00
# Visual Studio 15
VisualStudioVersion = 15.0.26606.0
MinimumVisualStudioVersion = 10.0.40219.1
Project("{9A19103F-16F7-4668-BE54-9A1E7A4F7556}") = "BackEnd", "BackEnd\BackEnd.csproj", "{5692B3F5-E1F0-426B-A61F-4E35E3CF5E02}"
EndProject
Project("{9A19103F-16F7-4668-BE54-9A1E7A4F7556}") = "ConferenceDTO", "ConferenceDTO\ConferenceDTO.csproj", "{875FC871-8EFD-4CDB-85C4-8CF2132A5C1E}"
EndProject
Global
	GlobalSection(SolutionConfigurationPlatforms) = preSolution
		Debug|Any CPU = Debug|Any CPU
		Release|Any CPU = Release|Any CPU
	EndGlobalSection
	GlobalSection(ProjectConfigurationPlatforms) = postSolution
		{5692B3F5-E1F0-426B-A61F-4E35E3CF5E02}.Debug|Any CPU.ActiveCfg = Debug|Any CPU
		{5692B3F5-E1F0-426B-A61F-4E35E3CF5E02}.Debug|Any CPU.Build.0 = Debug|Any CPU
		{5692B3F5-E1F0-426B-A61F-4E35E3CF5E02}.Release|Any CPU.ActiveCfg = Release|Any CPU
		{5692B3F5-E1F0-426B-A61F-4E35E3CF5E02}.Release|Any CPU.Build.0 = Release|Any CPU
		{875FC871-8EFD-4CDB-85C4-8CF2132A5C1E}.Debug|Any CPU.ActiveCfg = Debug|Any CPU
		{875FC871-8EFD-4CDB-85C4-8CF2132A5C1E}.Debug|Any CPU.Build.0 = Debug|Any CPU
		{875FC871-8EFD-4CDB-85C4-8CF2132A5C1E}.Release|Any CPU.ActiveCfg = Release|Any CPU
		{875FC871-8EFD-4CDB-85C4-8CF2132A5C1E}.Release|Any CPU.Build.0 = Release|Any CPU
	EndGlobalSection
	GlobalSection(SolutionProperties) = preSolution
		HideSolutionNode = FALSE
	EndGlobalSection
EndGlobal
