
Microsoft Visual Studio Solution File, Format Version 12.00
# Visual Studio Version 16
VisualStudioVersion = 16.0.29709.97
MinimumVisualStudioVersion = 10.0.40219.1
Project("{9A19103F-16F7-4668-BE54-9A1E7A4F7556}") = "BackEnd", "BackEnd\BackEnd.csproj", "{D19B6699-1F1D-4972-858B-F92201D3FA0C}"
EndProject
Project("{9A19103F-16F7-4668-BE54-9A1E7A4F7556}") = "ConferenceDTO", "ConferenceDTO\ConferenceDTO.csproj", "{B60481DB-738A-4394-83D2-D4D8B50AC211}"
EndProject
Project("{9A19103F-16F7-4668-BE54-9A1E7A4F7556}") = "FrontEnd", "FrontEnd\FrontEnd.csproj", "{229D74EA-C21F-49D7-B73E-E32CEC91C914}"
EndProject
Project("{E53339B2-1760-4266-BCC7-CA923CBCF16C}") = "docker-compose", "docker-compose.dcproj", "{7DF1E7AB-CF1D-4E11-A0EA-B9AA2156E9E0}"
EndProject
Global
	GlobalSection(SolutionConfigurationPlatforms) = preSolution
		Debug|Any CPU = Debug|Any CPU
		Release|Any CPU = Release|Any CPU
	EndGlobalSection
	GlobalSection(ProjectConfigurationPlatforms) = postSolution
		{D19B6699-1F1D-4972-858B-F92201D3FA0C}.Debug|Any CPU.ActiveCfg = Debug|Any CPU
		{D19B6699-1F1D-4972-858B-F92201D3FA0C}.Debug|Any CPU.Build.0 = Debug|Any CPU
		{D19B6699-1F1D-4972-858B-F92201D3FA0C}.Release|Any CPU.ActiveCfg = Release|Any CPU
		{D19B6699-1F1D-4972-858B-F92201D3FA0C}.Release|Any CPU.Build.0 = Release|Any CPU
		{B60481DB-738A-4394-83D2-D4D8B50AC211}.Debug|Any CPU.ActiveCfg = Debug|Any CPU
		{B60481DB-738A-4394-83D2-D4D8B50AC211}.Debug|Any CPU.Build.0 = Debug|Any CPU
		{B60481DB-738A-4394-83D2-D4D8B50AC211}.Release|Any CPU.ActiveCfg = Release|Any CPU
		{B60481DB-738A-4394-83D2-D4D8B50AC211}.Release|Any CPU.Build.0 = Release|Any CPU
		{229D74EA-C21F-49D7-B73E-E32CEC91C914}.Debug|Any CPU.ActiveCfg = Debug|Any CPU
		{229D74EA-C21F-49D7-B73E-E32CEC91C914}.Debug|Any CPU.Build.0 = Debug|Any CPU
		{229D74EA-C21F-49D7-B73E-E32CEC91C914}.Release|Any CPU.ActiveCfg = Release|Any CPU
		{229D74EA-C21F-49D7-B73E-E32CEC91C914}.Release|Any CPU.Build.0 = Release|Any CPU
		{7DF1E7AB-CF1D-4E11-A0EA-B9AA2156E9E0}.Debug|Any CPU.ActiveCfg = Debug|Any CPU
		{7DF1E7AB-CF1D-4E11-A0EA-B9AA2156E9E0}.Debug|Any CPU.Build.0 = Debug|Any CPU
		{7DF1E7AB-CF1D-4E11-A0EA-B9AA2156E9E0}.Release|Any CPU.ActiveCfg = Release|Any CPU
		{7DF1E7AB-CF1D-4E11-A0EA-B9AA2156E9E0}.Release|Any CPU.Build.0 = Release|Any CPU
	EndGlobalSection
	GlobalSection(SolutionProperties) = preSolution
		HideSolutionNode = FALSE
	EndGlobalSection
	GlobalSection(ExtensibilityGlobals) = postSolution
		SolutionGuid = {D93BEBEF-B71C-487D-80C5-95E47F78718D}
	EndGlobalSection
EndGlobal
