
Microsoft Visual Studio Solution File, Format Version 12.00
# Visual Studio Version 16
VisualStudioVersion = 16.0.29318.209
MinimumVisualStudioVersion = 16.0.29318.209
Project("{9A19103F-16F7-4668-BE54-9A1E7A4F7556}") = "FrontEnd", "src\FrontEnd\FrontEnd.csproj", "{520772E8-2FA9-4A3E-8F62-ACA084EA2AFF}"
EndProject
Project("{9A19103F-16F7-4668-BE54-9A1E7A4F7556}") = "BackEnd", "src\BackEnd\BackEnd.csproj", "{A72AB712-19A2-45F5-8851-6D4B14C3948D}"
EndProject
Project("{9A19103F-16F7-4668-BE54-9A1E7A4F7556}") = "ConferenceDTO", "src\ConferenceDTO\ConferenceDTO.csproj", "{84CCBD3C-91D1-45A1-AB2E-BFF32E5E8774}"
EndProject
Project("{2150E333-8FDC-42A3-9474-1A3956D46DE8}") = "Solution Items", "Solution Items", "{4B759F5A-B7A3-4290-9133-10ECBEBAF5E7}"
	ProjectSection(SolutionItems) = preProject
		Directory.Build.props = Directory.Build.props
	EndProjectSection
EndProject
Global
	GlobalSection(SolutionConfigurationPlatforms) = preSolution
		Debug|Any CPU = Debug|Any CPU
		Release|Any CPU = Release|Any CPU
	EndGlobalSection
	GlobalSection(ProjectConfigurationPlatforms) = postSolution
		{520772E8-2FA9-4A3E-8F62-ACA084EA2AFF}.Debug|Any CPU.ActiveCfg = Debug|Any CPU
		{520772E8-2FA9-4A3E-8F62-ACA084EA2AFF}.Debug|Any CPU.Build.0 = Debug|Any CPU
		{520772E8-2FA9-4A3E-8F62-ACA084EA2AFF}.Release|Any CPU.ActiveCfg = Release|Any CPU
		{520772E8-2FA9-4A3E-8F62-ACA084EA2AFF}.Release|Any CPU.Build.0 = Release|Any CPU
		{A72AB712-19A2-45F5-8851-6D4B14C3948D}.Debug|Any CPU.ActiveCfg = Debug|Any CPU
		{A72AB712-19A2-45F5-8851-6D4B14C3948D}.Debug|Any CPU.Build.0 = Debug|Any CPU
		{A72AB712-19A2-45F5-8851-6D4B14C3948D}.Release|Any CPU.ActiveCfg = Release|Any CPU
		{A72AB712-19A2-45F5-8851-6D4B14C3948D}.Release|Any CPU.Build.0 = Release|Any CPU
		{84CCBD3C-91D1-45A1-AB2E-BFF32E5E8774}.Debug|Any CPU.ActiveCfg = Debug|Any CPU
		{84CCBD3C-91D1-45A1-AB2E-BFF32E5E8774}.Debug|Any CPU.Build.0 = Debug|Any CPU
		{84CCBD3C-91D1-45A1-AB2E-BFF32E5E8774}.Release|Any CPU.ActiveCfg = Release|Any CPU
		{84CCBD3C-91D1-45A1-AB2E-BFF32E5E8774}.Release|Any CPU.Build.0 = Release|Any CPU
	EndGlobalSection
	GlobalSection(SolutionProperties) = preSolution
		HideSolutionNode = FALSE
	EndGlobalSection
	GlobalSection(ExtensibilityGlobals) = postSolution
		SolutionGuid = {86F9C2FD-A333-46DE-B01F-FB08D28D549E}
	EndGlobalSection
EndGlobal
