
Microsoft Visual Studio Solution File, Format Version 12.00
# Visual Studio 15
VisualStudioVersion = 15.0.28307.329
MinimumVisualStudioVersion = 10.0.40219.1
Project("{FAE04EC0-301F-11D3-BF4B-00C04F79EFBC}") = "BackEnd", "BackEnd\BackEnd.csproj", "{E7864CB1-70EF-4BDE-95D7-6078DE7F1F13}"
EndProject
Project("{FAE04EC0-301F-11D3-BF4B-00C04F79EFBC}") = "ConferenceDTO", "ConferenceDTO\ConferenceDTO.csproj", "{49122DB1-E07B-47E4-B855-9FF6B8BD4DCC}"
EndProject
Global
	GlobalSection(SolutionConfigurationPlatforms) = preSolution
		Debug|Any CPU = Debug|Any CPU
		Release|Any CPU = Release|Any CPU
	EndGlobalSection
	GlobalSection(ProjectConfigurationPlatforms) = postSolution
		{E7864CB1-70EF-4BDE-95D7-6078DE7F1F13}.Debug|Any CPU.ActiveCfg = Debug|Any CPU
		{E7864CB1-70EF-4BDE-95D7-6078DE7F1F13}.Debug|Any CPU.Build.0 = Debug|Any CPU
		{E7864CB1-70EF-4BDE-95D7-6078DE7F1F13}.Release|Any CPU.ActiveCfg = Release|Any CPU
		{E7864CB1-70EF-4BDE-95D7-6078DE7F1F13}.Release|Any CPU.Build.0 = Release|Any CPU
		{49122DB1-E07B-47E4-B855-9FF6B8BD4DCC}.Debug|Any CPU.ActiveCfg = Debug|Any CPU
		{49122DB1-E07B-47E4-B855-9FF6B8BD4DCC}.Debug|Any CPU.Build.0 = Debug|Any CPU
		{49122DB1-E07B-47E4-B855-9FF6B8BD4DCC}.Release|Any CPU.ActiveCfg = Release|Any CPU
		{49122DB1-E07B-47E4-B855-9FF6B8BD4DCC}.Release|Any CPU.Build.0 = Release|Any CPU
	EndGlobalSection
	GlobalSection(SolutionProperties) = preSolution
		HideSolutionNode = FALSE
	EndGlobalSection
	GlobalSection(ExtensibilityGlobals) = postSolution
		SolutionGuid = {716BD0AE-1BA1-4372-B4C1-BFE9CFA5FA18}
	EndGlobalSection
EndGlobal
